
Microsoft Visual Studio Solution File, Format Version 12.00
# Visual Studio Version 17
VisualStudioVersion = 17.3.32901.215
MinimumVisualStudioVersion = 10.0.40219.1
Project("{FAE04EC0-301F-11D3-BF4B-00C04F79EFBC}") = "la-mia-pizzeria-model", "la-mia-pizzeria-model.csproj", "{173D31E1-5A2B-4E84-83CC-89824D24612D}"
EndProject
Global
	GlobalSection(SolutionConfigurationPlatforms) = preSolution
		Debug|Any CPU = Debug|Any CPU
		Release|Any CPU = Release|Any CPU
	EndGlobalSection
	GlobalSection(ProjectConfigurationPlatforms) = postSolution
		{173D31E1-5A2B-4E84-83CC-89824D24612D}.Debug|Any CPU.ActiveCfg = Debug|Any CPU
		{173D31E1-5A2B-4E84-83CC-89824D24612D}.Debug|Any CPU.Build.0 = Debug|Any CPU
		{173D31E1-5A2B-4E84-83CC-89824D24612D}.Release|Any CPU.ActiveCfg = Release|Any CPU
		{173D31E1-5A2B-4E84-83CC-89824D24612D}.Release|Any CPU.Build.0 = Release|Any CPU
	EndGlobalSection
	GlobalSection(SolutionProperties) = preSolution
		HideSolutionNode = FALSE
	EndGlobalSection
	GlobalSection(ExtensibilityGlobals) = postSolution
		SolutionGuid = {C7F3B4F3-6B79-4631-B40A-3BA6C41D2C8A}
	EndGlobalSection
EndGlobal
